<?xml version="1.0" encoding="utf-8"?>
<Project ToolsVersion="4.0" xmlns="http://schemas.microsoft.com/developer/msbuild/2003">
  <ItemGroup>
    <Filter Include="Source Files">
      <UniqueIdentifier>{4FC737F1-C7A5-4376-A066-2A32D752A2FF}</UniqueIdentifier>
      <Extensions>cpp;c;cc;cxx;def;odl;idl;hpj;bat;asm;asmx</Extensions>
    </Filter>
    <Filter Include="Header Files">
      <UniqueIdentifier>{93995380-89BD-4b04-88EB-625FBE52EBFB}</UniqueIdentifier>
      <Extensions>h;hh;hpp;hxx;hm;inl;inc;ipp;xsd</Extensions>
    </Filter>
    <Filter Include="Resource Files">
      <UniqueIdentifier>{67DA6AB6-F800-4c08-8B7A-83BB121AAD01}</UniqueIdentifier>
      <Extensions>rc;ico;cur;bmp;dlg;rc2;rct;bin;rgs;gif;jpg;jpeg;jpe;resx;tiff;tif;png;wav;mfcribbon-ms</Extensions>
    </Filter>
  </ItemGroup>
  <ItemGroup>
    <ClInclude Include="pch.h">
      <Filter>Header Files</Filter>
    </ClInclude>
    <ClInclude Include="ActivationFunction.hpp">
      <Filter>Header Files</Filter>
    </ClInclude>
    <ClInclude Include="Connection.hpp">
      <Filter>Header Files</Filter>
    </ClInclude>
    <ClInclude Include="fifo_map.hpp">
      <Filter>Header Files</Filter>
    </ClInclude>
    <ClInclude Include="GaussianFunction.hpp">
      <Filter>Header Files</Filter>
    </ClInclude>
    <ClInclude Include="IdentityFunction.hpp">
      <Filter>Header Files</Filter>
    </ClInclude>
    <ClInclude Include="json.hpp">
      <Filter>Header Files</Filter>
    </ClInclude>
    <ClInclude Include="LinearFunction.hpp">
      <Filter>Header Files</Filter>
    </ClInclude>
    <ClInclude Include="NetState.hpp">
      <Filter>Header Files</Filter>
    </ClInclude>
    <ClInclude Include="NeuralNet.hpp">
      <Filter>Header Files</Filter>
    </ClInclude>
    <ClInclude Include="Neuron.hpp">
      <Filter>Header Files</Filter>
    </ClInclude>
    <ClInclude Include="ordered_json.hpp">
      <Filter>Header Files</Filter>
    </ClInclude>
    <ClInclude Include="RampFunction.hpp">
      <Filter>Header Files</Filter>
    </ClInclude>
    <ClInclude Include="RandomNumberGenerator.hpp">
      <Filter>Header Files</Filter>
    </ClInclude>
    <ClInclude Include="ReLUFunction.hpp">
      <Filter>Header Files</Filter>
    </ClInclude>
    <ClInclude Include="SigmoidFunction.hpp">
      <Filter>Header Files</Filter>
    </ClInclude>
    <ClInclude Include="TanhFunction.hpp">
      <Filter>Header Files</Filter>
    </ClInclude>
    <ClInclude Include="TrainingData.hpp">
      <Filter>Header Files</Filter>
    </ClInclude>
    <ClInclude Include="Utils.hpp">
      <Filter>Header Files</Filter>
    </ClInclude>
    <ClInclude Include="LayerAlias.hpp">
      <Filter>Header Files</Filter>
    </ClInclude>
    <ClInclude Include="Layer.hpp">
      <Filter>Header Files</Filter>
    </ClInclude>
  </ItemGroup>
  <ItemGroup>
    <ClCompile Include="pch.cpp">
      <Filter>Source Files</Filter>
    </ClCompile>
    <ClCompile Include="ActivationFunction.cpp">
      <Filter>Source Files</Filter>
    </ClCompile>
    <ClCompile Include="Connection.cpp">
      <Filter>Source Files</Filter>
    </ClCompile>
    <ClCompile Include="GaussianFunction.cpp">
      <Filter>Source Files</Filter>
    </ClCompile>
    <ClCompile Include="IdentityFunction.cpp">
      <Filter>Source Files</Filter>
    </ClCompile>
    <ClCompile Include="LinearFunction.cpp">
      <Filter>Source Files</Filter>
    </ClCompile>
    <ClCompile Include="Main.cpp">
      <Filter>Source Files</Filter>
    </ClCompile>
    <ClCompile Include="NetState.cpp">
      <Filter>Source Files</Filter>
    </ClCompile>
    <ClCompile Include="NeuralNet.cpp">
      <Filter>Source Files</Filter>
    </ClCompile>
    <ClCompile Include="Neuron.cpp">
      <Filter>Source Files</Filter>
    </ClCompile>
    <ClCompile Include="RampFunction.cpp">
      <Filter>Source Files</Filter>
    </ClCompile>
    <ClCompile Include="RandomNumberGenerator.cpp">
      <Filter>Source Files</Filter>
    </ClCompile>
    <ClCompile Include="ReLUFunction.cpp">
      <Filter>Source Files</Filter>
    </ClCompile>
    <ClCompile Include="SigmoidFunction.cpp">
      <Filter>Source Files</Filter>
    </ClCompile>
    <ClCompile Include="TanhFunction.cpp">
      <Filter>Source Files</Filter>
    </ClCompile>
    <ClCompile Include="TrainingData.cpp">
      <Filter>Source Files</Filter>
    </ClCompile>
    <ClCompile Include="Utils.cpp">
      <Filter>Source Files</Filter>
    </ClCompile>
    <ClCompile Include="Layer.cpp">
      <Filter>Source Files</Filter>
    </ClCompile>
  </ItemGroup>
</Project>